
Microsoft Visual Studio Solution File, Format Version 12.00
# Visual Studio Version 16
VisualStudioVersion = 16.0.30204.135
MinimumVisualStudioVersion = 10.0.40219.1
Project("{FAE04EC0-301F-11D3-BF4B-00C04F79EFBC}") = "pole  IT1 A", "pole  IT1 A\pole  IT1 A.csproj", "{7FFC60D9-CC01-412A-B817-21FC4EB6BA52}"
EndProject
Global
	GlobalSection(SolutionConfigurationPlatforms) = preSolution
		Debug|Any CPU = Debug|Any CPU
		Release|Any CPU = Release|Any CPU
	EndGlobalSection
	GlobalSection(ProjectConfigurationPlatforms) = postSolution
		{7FFC60D9-CC01-412A-B817-21FC4EB6BA52}.Debug|Any CPU.ActiveCfg = Debug|Any CPU
		{7FFC60D9-CC01-412A-B817-21FC4EB6BA52}.Debug|Any CPU.Build.0 = Debug|Any CPU
		{7FFC60D9-CC01-412A-B817-21FC4EB6BA52}.Release|Any CPU.ActiveCfg = Release|Any CPU
		{7FFC60D9-CC01-412A-B817-21FC4EB6BA52}.Release|Any CPU.Build.0 = Release|Any CPU
	EndGlobalSection
	GlobalSection(SolutionProperties) = preSolution
		HideSolutionNode = FALSE
	EndGlobalSection
	GlobalSection(ExtensibilityGlobals) = postSolution
		SolutionGuid = {B128FECB-24DF-4E19-A689-11BEA4F14CDE}
	EndGlobalSection
EndGlobal
